
Microsoft Visual Studio Solution File, Format Version 12.00
# Visual Studio Version 17
VisualStudioVersion = 17.0.31903.59
MinimumVisualStudioVersion = 10.0.40219.1
Project("{9A19103F-16F7-4668-BE54-9A1E7A4F7556}") = "ExampleProject", "ExampleProject\ExampleProject.csproj", "{87DA3D05-10F5-44D6-9285-3482CD15FFAA}"
EndProject
Project("{D954291E-2A0B-460D-934E-DC6B0785DB48}") = "GeometryObjectsShared", "GeometryObjectsShared\GeometryObjectsShared.shproj", "{60632C88-F2FC-43D5-A442-61407462EA3D}"
EndProject
Global
	GlobalSection(SolutionConfigurationPlatforms) = preSolution
		Debug|Any CPU = Debug|Any CPU
		Release|Any CPU = Release|Any CPU
	EndGlobalSection
	GlobalSection(ProjectConfigurationPlatforms) = postSolution
		{87DA3D05-10F5-44D6-9285-3482CD15FFAA}.Debug|Any CPU.ActiveCfg = Debug|Any CPU
		{87DA3D05-10F5-44D6-9285-3482CD15FFAA}.Debug|Any CPU.Build.0 = Debug|Any CPU
		{87DA3D05-10F5-44D6-9285-3482CD15FFAA}.Release|Any CPU.ActiveCfg = Release|Any CPU
		{87DA3D05-10F5-44D6-9285-3482CD15FFAA}.Release|Any CPU.Build.0 = Release|Any CPU
	EndGlobalSection
	GlobalSection(SolutionProperties) = preSolution
		HideSolutionNode = FALSE
	EndGlobalSection
	GlobalSection(ExtensibilityGlobals) = postSolution
		SolutionGuid = {DB99A8B2-6A16-4612-B4C7-5FE768FBB169}
	EndGlobalSection
	GlobalSection(SharedMSBuildProjectFiles) = preSolution
		GeometryObjectsShared\GeometryObjectsShared.projitems*{60632c88-f2fc-43d5-a442-61407462ea3d}*SharedItemsImports = 13
		GeometryObjectsShared\GeometryObjectsShared.projitems*{87da3d05-10f5-44d6-9285-3482cd15ffaa}*SharedItemsImports = 5
	EndGlobalSection
EndGlobal
